
Microsoft Visual Studio Solution File, Format Version 12.00
# Visual Studio 14
VisualStudioVersion = 14.0.25420.1
MinimumVisualStudioVersion = 10.0.40219.1
Project("{8BC9CEB8-8B4A-11D0-8D11-00A0C91BC942}") = "linkedSortedList", "linkedSortedList\task1.vcxproj", "{B0F99CB0-77FA-4202-A68A-F2762B5C9060}"
EndProject
Project("{8BC9CEB8-8B4A-11D0-8D11-00A0C91BC942}") = "linkedSortedList_tests", "linkedSortedList_tests\task1_tests.vcxproj", "{36989725-2689-436E-8ADA-B1D27B0642C7}"
EndProject
Project("{8BC9CEB8-8B4A-11D0-8D11-00A0C91BC942}") = "readIntsFromString", "readIntsFromString\readIntsFromString.vcxproj", "{7E03F19C-5FFC-4619-A8D1-ABAD233C1823}"
EndProject
Project("{8BC9CEB8-8B4A-11D0-8D11-00A0C91BC942}") = "vectorSize", "vectorSize\vectorSize.vcxproj", "{AD7D3D1B-915F-417C-A16D-FD1E0A58F414}"
EndProject
Project("{8BC9CEB8-8B4A-11D0-8D11-00A0C91BC942}") = "deleteLastNode", "deleteLastNode\deleteLastNode.vcxproj", "{90248B22-20C3-4F89-901E-CC2ADC690028}"
EndProject
Global
	GlobalSection(SolutionConfigurationPlatforms) = preSolution
		Debug|x64 = Debug|x64
		Debug|x86 = Debug|x86
		Release|x64 = Release|x64
		Release|x86 = Release|x86
	EndGlobalSection
	GlobalSection(ProjectConfigurationPlatforms) = postSolution
		{B0F99CB0-77FA-4202-A68A-F2762B5C9060}.Debug|x64.ActiveCfg = Debug|x64
		{B0F99CB0-77FA-4202-A68A-F2762B5C9060}.Debug|x64.Build.0 = Debug|x64
		{B0F99CB0-77FA-4202-A68A-F2762B5C9060}.Debug|x86.ActiveCfg = Debug|Win32
		{B0F99CB0-77FA-4202-A68A-F2762B5C9060}.Debug|x86.Build.0 = Debug|Win32
		{B0F99CB0-77FA-4202-A68A-F2762B5C9060}.Release|x64.ActiveCfg = Release|x64
		{B0F99CB0-77FA-4202-A68A-F2762B5C9060}.Release|x64.Build.0 = Release|x64
		{B0F99CB0-77FA-4202-A68A-F2762B5C9060}.Release|x86.ActiveCfg = Release|Win32
		{B0F99CB0-77FA-4202-A68A-F2762B5C9060}.Release|x86.Build.0 = Release|Win32
		{36989725-2689-436E-8ADA-B1D27B0642C7}.Debug|x64.ActiveCfg = Debug|x64
		{36989725-2689-436E-8ADA-B1D27B0642C7}.Debug|x64.Build.0 = Debug|x64
		{36989725-2689-436E-8ADA-B1D27B0642C7}.Debug|x86.ActiveCfg = Debug|Win32
		{36989725-2689-436E-8ADA-B1D27B0642C7}.Debug|x86.Build.0 = Debug|Win32
		{36989725-2689-436E-8ADA-B1D27B0642C7}.Release|x64.ActiveCfg = Release|x64
		{36989725-2689-436E-8ADA-B1D27B0642C7}.Release|x64.Build.0 = Release|x64
		{36989725-2689-436E-8ADA-B1D27B0642C7}.Release|x86.ActiveCfg = Release|Win32
		{36989725-2689-436E-8ADA-B1D27B0642C7}.Release|x86.Build.0 = Release|Win32
		{7E03F19C-5FFC-4619-A8D1-ABAD233C1823}.Debug|x64.ActiveCfg = Debug|x64
		{7E03F19C-5FFC-4619-A8D1-ABAD233C1823}.Debug|x64.Build.0 = Debug|x64
		{7E03F19C-5FFC-4619-A8D1-ABAD233C1823}.Debug|x86.ActiveCfg = Debug|Win32
		{7E03F19C-5FFC-4619-A8D1-ABAD233C1823}.Debug|x86.Build.0 = Debug|Win32
		{7E03F19C-5FFC-4619-A8D1-ABAD233C1823}.Release|x64.ActiveCfg = Release|x64
		{7E03F19C-5FFC-4619-A8D1-ABAD233C1823}.Release|x64.Build.0 = Release|x64
		{7E03F19C-5FFC-4619-A8D1-ABAD233C1823}.Release|x86.ActiveCfg = Release|Win32
		{7E03F19C-5FFC-4619-A8D1-ABAD233C1823}.Release|x86.Build.0 = Release|Win32
		{AD7D3D1B-915F-417C-A16D-FD1E0A58F414}.Debug|x64.ActiveCfg = Debug|x64
		{AD7D3D1B-915F-417C-A16D-FD1E0A58F414}.Debug|x64.Build.0 = Debug|x64
		{AD7D3D1B-915F-417C-A16D-FD1E0A58F414}.Debug|x86.ActiveCfg = Debug|Win32
		{AD7D3D1B-915F-417C-A16D-FD1E0A58F414}.Debug|x86.Build.0 = Debug|Win32
		{AD7D3D1B-915F-417C-A16D-FD1E0A58F414}.Release|x64.ActiveCfg = Release|x64
		{AD7D3D1B-915F-417C-A16D-FD1E0A58F414}.Release|x64.Build.0 = Release|x64
		{AD7D3D1B-915F-417C-A16D-FD1E0A58F414}.Release|x86.ActiveCfg = Release|Win32
		{AD7D3D1B-915F-417C-A16D-FD1E0A58F414}.Release|x86.Build.0 = Release|Win32
		{90248B22-20C3-4F89-901E-CC2ADC690028}.Debug|x64.ActiveCfg = Debug|x64
		{90248B22-20C3-4F89-901E-CC2ADC690028}.Debug|x64.Build.0 = Debug|x64
		{90248B22-20C3-4F89-901E-CC2ADC690028}.Debug|x86.ActiveCfg = Debug|Win32
		{90248B22-20C3-4F89-901E-CC2ADC690028}.Debug|x86.Build.0 = Debug|Win32
		{90248B22-20C3-4F89-901E-CC2ADC690028}.Release|x64.ActiveCfg = Release|x64
		{90248B22-20C3-4F89-901E-CC2ADC690028}.Release|x64.Build.0 = Release|x64
		{90248B22-20C3-4F89-901E-CC2ADC690028}.Release|x86.ActiveCfg = Release|Win32
		{90248B22-20C3-4F89-901E-CC2ADC690028}.Release|x86.Build.0 = Release|Win32
	EndGlobalSection
	GlobalSection(SolutionProperties) = preSolution
		HideSolutionNode = FALSE
	EndGlobalSection
EndGlobal
